
Microsoft Visual Studio Solution File, Format Version 12.00
Project("{FAE04EC0-301F-11D3-BF4B-00C04F79EFBC}") = "TestWebService.WebAPI", "TestWebService.WebAPI\TestWebService.WebAPI.csproj", "{C5D9D79A-0EE4-4225-ADA6-4C6467985649}"
EndProject
Project("{FAE04EC0-301F-11D3-BF4B-00C04F79EFBC}") = "TestWebService.Model", "TestWebService.Model\TestWebService.Model.csproj", "{6BA6EBFD-44BA-492E-97CD-BDED2515C7D6}"
EndProject
Project("{FAE04EC0-301F-11D3-BF4B-00C04F79EFBC}") = "TestWebService.Data", "TestWebService.Data\TestWebService.Data.csproj", "{BADB3CFF-6352-44F9-9229-C25CEDAF625D}"
EndProject
Project("{FAE04EC0-301F-11D3-BF4B-00C04F79EFBC}") = "TestWebService.Services", "TestWebService.Services\TestWebService.Services.csproj", "{C2D4B240-A9B8-4722-90AA-CA78638BB9CA}"
EndProject
Global
	GlobalSection(SolutionConfigurationPlatforms) = preSolution
		Debug|Any CPU = Debug|Any CPU
		Release|Any CPU = Release|Any CPU
	EndGlobalSection
	GlobalSection(ProjectConfigurationPlatforms) = postSolution
		{C5D9D79A-0EE4-4225-ADA6-4C6467985649}.Debug|Any CPU.ActiveCfg = Debug|Any CPU
		{C5D9D79A-0EE4-4225-ADA6-4C6467985649}.Debug|Any CPU.Build.0 = Debug|Any CPU
		{C5D9D79A-0EE4-4225-ADA6-4C6467985649}.Release|Any CPU.ActiveCfg = Release|Any CPU
		{C5D9D79A-0EE4-4225-ADA6-4C6467985649}.Release|Any CPU.Build.0 = Release|Any CPU
		{6BA6EBFD-44BA-492E-97CD-BDED2515C7D6}.Debug|Any CPU.ActiveCfg = Debug|Any CPU
		{6BA6EBFD-44BA-492E-97CD-BDED2515C7D6}.Debug|Any CPU.Build.0 = Debug|Any CPU
		{6BA6EBFD-44BA-492E-97CD-BDED2515C7D6}.Release|Any CPU.ActiveCfg = Release|Any CPU
		{6BA6EBFD-44BA-492E-97CD-BDED2515C7D6}.Release|Any CPU.Build.0 = Release|Any CPU
		{BADB3CFF-6352-44F9-9229-C25CEDAF625D}.Debug|Any CPU.ActiveCfg = Debug|Any CPU
		{BADB3CFF-6352-44F9-9229-C25CEDAF625D}.Debug|Any CPU.Build.0 = Debug|Any CPU
		{BADB3CFF-6352-44F9-9229-C25CEDAF625D}.Release|Any CPU.ActiveCfg = Release|Any CPU
		{BADB3CFF-6352-44F9-9229-C25CEDAF625D}.Release|Any CPU.Build.0 = Release|Any CPU
		{C2D4B240-A9B8-4722-90AA-CA78638BB9CA}.Debug|Any CPU.ActiveCfg = Debug|Any CPU
		{C2D4B240-A9B8-4722-90AA-CA78638BB9CA}.Debug|Any CPU.Build.0 = Debug|Any CPU
		{C2D4B240-A9B8-4722-90AA-CA78638BB9CA}.Release|Any CPU.ActiveCfg = Release|Any CPU
		{C2D4B240-A9B8-4722-90AA-CA78638BB9CA}.Release|Any CPU.Build.0 = Release|Any CPU
	EndGlobalSection
EndGlobal
